// !$*UTF8*$!
{
	archiveVersion = 1;
	classes = {
	};
	objectVersion = 46;
	objects = {

/* Begin PBXBuildFile section */
		84D3379F199384040035B08D /* AppDelegate.swift in Sources */ = {isa = PBXBuildFile; fileRef = 84D3379E199384040035B08D /* AppDelegate.swift */; };
		84D337A1199384040035B08D /* ViewController.swift in Sources */ = {isa = PBXBuildFile; fileRef = 84D337A0199384040035B08D /* ViewController.swift */; };
		84D337A4199384040035B08D /* Main.storyboard in Resources */ = {isa = PBXBuildFile; fileRef = 84D337A2199384040035B08D /* Main.storyboard */; };
		84D337A6199384040035B08D /* Images.xcassets in Resources */ = {isa = PBXBuildFile; fileRef = 84D337A5199384040035B08D /* Images.xcassets */; };
		84D337B2199384050035B08D /* Keyboard_IOS8Tests.swift in Sources */ = {isa = PBXBuildFile; fileRef = 84D337B1199384050035B08D /* Keyboard_IOS8Tests.swift */; };
		84D337C619938CDE0035B08D /* PassGuardCtrl.swift in Sources */ = {isa = PBXBuildFile; fileRef = 84D337C519938CDE0035B08D /* PassGuardCtrl.swift */; };
		84D3381019938DE90035B08D /* iPadInputView.xib in Resources */ = {isa = PBXBuildFile; fileRef = 84D337CC19938DE90035B08D /* iPadInputView.xib */; };
		84D3381119938DE90035B08D /* iPadNumberKeyboardView.xib in Resources */ = {isa = PBXBuildFile; fileRef = 84D337CD19938DE90035B08D /* iPadNumberKeyboardView.xib */; };
		84D3381219938DE90035B08D /* iPadSpecialCharKeyboardView.xib in Resources */ = {isa = PBXBuildFile; fileRef = 84D337CE19938DE90035B08D /* iPadSpecialCharKeyboardView.xib */; };
		84D3381319938DE90035B08D /* iPadStandardKeyboardView.xib in Resources */ = {isa = PBXBuildFile; fileRef = 84D337CF19938DE90035B08D /* iPadStandardKeyboardView.xib */; };
		84D3381419938DE90035B08D /* iPhoneInputView.xib in Resources */ = {isa = PBXBuildFile; fileRef = 84D337D119938DE90035B08D /* iPhoneInputView.xib */; };
		84D3381519938DE90035B08D /* iPhoneNumberKeyboardView.xib in Resources */ = {isa = PBXBuildFile; fileRef = 84D337D219938DE90035B08D /* iPhoneNumberKeyboardView.xib */; };
		84D3381619938DE90035B08D /* iPhonePureNumberKeyboardView.xib in Resources */ = {isa = PBXBuildFile; fileRef = 84D337D319938DE90035B08D /* iPhonePureNumberKeyboardView.xib */; };
		84D3381719938DE90035B08D /* iPhoneSpecialCharKeyboardView.xib in Resources */ = {isa = PBXBuildFile; fileRef = 84D337D419938DE90035B08D /* iPhoneSpecialCharKeyboardView.xib */; };
		84D3381819938DE90035B08D /* iPhoneStandardKeyboardView.xib in Resources */ = {isa = PBXBuildFile; fileRef = 84D337D519938DE90035B08D /* iPhoneStandardKeyboardView.xib */; };
		84D3381919938DE90035B08D /* iPadCtrlBackground_down_Land.png in Resources */ = {isa = PBXBuildFile; fileRef = 84D337D819938DE90035B08D /* iPadCtrlBackground_down_Land.png */; };
		84D3381A19938DE90035B08D /* iPadCtrlBackground_down_Land@2x.png in Resources */ = {isa = PBXBuildFile; fileRef = 84D337D919938DE90035B08D /* iPadCtrlBackground_down_Land@2x.png */; };
		84D3381B19938DE90035B08D /* iPadCtrlBackground_Land.png in Resources */ = {isa = PBXBuildFile; fileRef = 84D337DA19938DE90035B08D /* iPadCtrlBackground_Land.png */; };
		84D3381C19938DE90035B08D /* iPadCtrlBackground_Land@2x.png in Resources */ = {isa = PBXBuildFile; fileRef = 84D337DB19938DE90035B08D /* iPadCtrlBackground_Land@2x.png */; };
		84D3381D19938DE90035B08D /* iPadDoneLandscape.png in Resources */ = {isa = PBXBuildFile; fileRef = 84D337DC19938DE90035B08D /* iPadDoneLandscape.png */; };
		84D3381E19938DE90035B08D /* iPadDoneLandscape@2x.png in Resources */ = {isa = PBXBuildFile; fileRef = 84D337DD19938DE90035B08D /* iPadDoneLandscape@2x.png */; };
		84D3381F19938DE90035B08D /* iPadDoneLandscape_Land.png in Resources */ = {isa = PBXBuildFile; fileRef = 84D337DE19938DE90035B08D /* iPadDoneLandscape_Land.png */; };
		84D3382019938DE90035B08D /* iPadDoneLandscape_Land@2x.png in Resources */ = {isa = PBXBuildFile; fileRef = 84D337DF19938DE90035B08D /* iPadDoneLandscape_Land@2x.png */; };
		84D3382119938DE90035B08D /* iPadKeyBackground_Land.png in Resources */ = {isa = PBXBuildFile; fileRef = 84D337E019938DE90035B08D /* iPadKeyBackground_Land.png */; };
		84D3382219938DE90035B08D /* iPadKeyBackground_Land@2x.png in Resources */ = {isa = PBXBuildFile; fileRef = 84D337E119938DE90035B08D /* iPadKeyBackground_Land@2x.png */; };
		84D3382319938DE90035B08D /* iPadKeyBackground_Land_down.png in Resources */ = {isa = PBXBuildFile; fileRef = 84D337E219938DE90035B08D /* iPadKeyBackground_Land_down.png */; };
		84D3382419938DE90035B08D /* iPadKeyBackground_Land_down@2x.png in Resources */ = {isa = PBXBuildFile; fileRef = 84D337E319938DE90035B08D /* iPadKeyBackground_Land_down@2x.png */; };
		84D3382519938DE90035B08D /* iPadKeyDeleteLandscape.png in Resources */ = {isa = PBXBuildFile; fileRef = 84D337E419938DE90035B08D /* iPadKeyDeleteLandscape.png */; };
		84D3382619938DE90035B08D /* iPadKeyDeleteLandscape@2x.png in Resources */ = {isa = PBXBuildFile; fileRef = 84D337E519938DE90035B08D /* iPadKeyDeleteLandscape@2x.png */; };
		84D3382719938DE90035B08D /* iPadKeyDeleteLandscape_down.png in Resources */ = {isa = PBXBuildFile; fileRef = 84D337E619938DE90035B08D /* iPadKeyDeleteLandscape_down.png */; };
		84D3382819938DE90035B08D /* iPadKeyDeleteLandscape_down@2x.png in Resources */ = {isa = PBXBuildFile; fileRef = 84D337E719938DE90035B08D /* iPadKeyDeleteLandscape_down@2x.png */; };
		84D3382919938DE90035B08D /* iPadKeyShiftLandscape.png in Resources */ = {isa = PBXBuildFile; fileRef = 84D337E819938DE90035B08D /* iPadKeyShiftLandscape.png */; };
		84D3382A19938DE90035B08D /* iPadKeyShiftLandscape@2x.png in Resources */ = {isa = PBXBuildFile; fileRef = 84D337E919938DE90035B08D /* iPadKeyShiftLandscape@2x.png */; };
		84D3382B19938DE90035B08D /* iPadKeyShiftonceLandscape.png in Resources */ = {isa = PBXBuildFile; fileRef = 84D337EA19938DE90035B08D /* iPadKeyShiftonceLandscape.png */; };
		84D3382C19938DE90035B08D /* iPadKeyShiftonceLandscape@2x.png in Resources */ = {isa = PBXBuildFile; fileRef = 84D337EB19938DE90035B08D /* iPadKeyShiftonceLandscape@2x.png */; };
		84D3382D19938DE90035B08D /* iPadKeyShiftretainLandscape.png in Resources */ = {isa = PBXBuildFile; fileRef = 84D337EC19938DE90035B08D /* iPadKeyShiftretainLandscape.png */; };
		84D3382E19938DE90035B08D /* iPadKeyShiftretainLandscape@2x.png in Resources */ = {isa = PBXBuildFile; fileRef = 84D337ED19938DE90035B08D /* iPadKeyShiftretainLandscape@2x.png */; };
		84D3382F19938DE90035B08D /* iPadKeySpaceLandscape.png in Resources */ = {isa = PBXBuildFile; fileRef = 84D337EE19938DE90035B08D /* iPadKeySpaceLandscape.png */; };
		84D3383019938DE90035B08D /* iPadKeySpaceLandscape@2x.png in Resources */ = {isa = PBXBuildFile; fileRef = 84D337EF19938DE90035B08D /* iPadKeySpaceLandscape@2x.png */; };
		84D3383119938DE90035B08D /* iPadKeySpaceLandscape_down.png in Resources */ = {isa = PBXBuildFile; fileRef = 84D337F019938DE90035B08D /* iPadKeySpaceLandscape_down.png */; };
		84D3383219938DE90035B08D /* iPadKeySpaceLandscape_down@2x.png in Resources */ = {isa = PBXBuildFile; fileRef = 84D337F119938DE90035B08D /* iPadKeySpaceLandscape_down@2x.png */; };
		84D3383319938DE90035B08D /* iPadZFBackground_Land.png in Resources */ = {isa = PBXBuildFile; fileRef = 84D337F219938DE90035B08D /* iPadZFBackground_Land.png */; };
		84D3383419938DE90035B08D /* iPadZFBackground_Land@2x.png in Resources */ = {isa = PBXBuildFile; fileRef = 84D337F319938DE90035B08D /* iPadZFBackground_Land@2x.png */; };
		84D3383519938DE90035B08D /* iPadZFBackground_Land_Down.png in Resources */ = {isa = PBXBuildFile; fileRef = 84D337F419938DE90035B08D /* iPadZFBackground_Land_Down.png */; };
		84D3383619938DE90035B08D /* iPadZFBackground_Land_Down@2x.png in Resources */ = {isa = PBXBuildFile; fileRef = 84D337F519938DE90035B08D /* iPadZFBackground_Land_Down@2x.png */; };
		84D3383719938DE90035B08D /* iPhoneCtrlBackground.png in Resources */ = {isa = PBXBuildFile; fileRef = 84D337F719938DE90035B08D /* iPhoneCtrlBackground.png */; };
		84D3383819938DE90035B08D /* iPhoneCtrlBackground@2x.png in Resources */ = {isa = PBXBuildFile; fileRef = 84D337F819938DE90035B08D /* iPhoneCtrlBackground@2x.png */; };
		84D3383919938DE90035B08D /* iPhoneDelete.png in Resources */ = {isa = PBXBuildFile; fileRef = 84D337F919938DE90035B08D /* iPhoneDelete.png */; };
		84D3383A19938DE90035B08D /* iPhoneDelete@2x.png in Resources */ = {isa = PBXBuildFile; fileRef = 84D337FA19938DE90035B08D /* iPhoneDelete@2x.png */; };
		84D3383B19938DE90035B08D /* iPhoneDelete按下.png in Resources */ = {isa = PBXBuildFile; fileRef = 84D337FB19938DE90035B08D /* iPhoneDelete按下.png */; };
		84D3383C19938DE90035B08D /* iPhoneDelete按下@2x.png in Resources */ = {isa = PBXBuildFile; fileRef = 84D337FC19938DE90035B08D /* iPhoneDelete按下@2x.png */; };
		84D3383D19938DE90035B08D /* iPhoneDelete键按下的.png in Resources */ = {isa = PBXBuildFile; fileRef = 84D337FD19938DE90035B08D /* iPhoneDelete键按下的.png */; };
		84D3383E19938DE90035B08D /* iPhoneDelete键按下的@2x.png in Resources */ = {isa = PBXBuildFile; fileRef = 84D337FE19938DE90035B08D /* iPhoneDelete键按下的@2x.png */; };
		84D3383F19938DE90035B08D /* iPhoneDone.png in Resources */ = {isa = PBXBuildFile; fileRef = 84D337FF19938DE90035B08D /* iPhoneDone.png */; };
		84D3384019938DE90035B08D /* iPhoneDone@2x.png in Resources */ = {isa = PBXBuildFile; fileRef = 84D3380019938DE90035B08D /* iPhoneDone@2x.png */; };
		84D3384119938DE90035B08D /* iPhoneKeyBackground.png in Resources */ = {isa = PBXBuildFile; fileRef = 84D3380119938DE90035B08D /* iPhoneKeyBackground.png */; };
		84D3384219938DE90035B08D /* iPhoneKeyBackground@2x.png in Resources */ = {isa = PBXBuildFile; fileRef = 84D3380219938DE90035B08D /* iPhoneKeyBackground@2x.png */; };
		84D3384319938DE90035B08D /* iPhoneShift.png in Resources */ = {isa = PBXBuildFile; fileRef = 84D3380319938DE90035B08D /* iPhoneShift.png */; };
		84D3384419938DE90035B08D /* iPhoneShift@2x.png in Resources */ = {isa = PBXBuildFile; fileRef = 84D3380419938DE90035B08D /* iPhoneShift@2x.png */; };
		84D3384519938DE90035B08D /* iPhoneShiftonce.png in Resources */ = {isa = PBXBuildFile; fileRef = 84D3380519938DE90035B08D /* iPhoneShiftonce.png */; };
		84D3384619938DE90035B08D /* iPhoneShiftonce@2x.png in Resources */ = {isa = PBXBuildFile; fileRef = 84D3380619938DE90035B08D /* iPhoneShiftonce@2x.png */; };
		84D3384719938DE90035B08D /* iPhoneShiftretain.png in Resources */ = {isa = PBXBuildFile; fileRef = 84D3380719938DE90035B08D /* iPhoneShiftretain.png */; };
		84D3384819938DE90035B08D /* iPhoneShiftretain@2x.png in Resources */ = {isa = PBXBuildFile; fileRef = 84D3380819938DE90035B08D /* iPhoneShiftretain@2x.png */; };
		84D3384919938DE90035B08D /* iPhoneSpace.png in Resources */ = {isa = PBXBuildFile; fileRef = 84D3380919938DE90035B08D /* iPhoneSpace.png */; };
		84D3384A19938DE90035B08D /* iPhoneSpace@2x.png in Resources */ = {isa = PBXBuildFile; fileRef = 84D3380A19938DE90035B08D /* iPhoneSpace@2x.png */; };
		84D3384B19938DE90035B08D /* kb_bg.png in Resources */ = {isa = PBXBuildFile; fileRef = 84D3380B19938DE90035B08D /* kb_bg.png */; };
		84D3384C19938DE90035B08D /* 切换键背景按下.png in Resources */ = {isa = PBXBuildFile; fileRef = 84D3380C19938DE90035B08D /* 切换键背景按下.png */; };
		84D3384D19938DE90035B08D /* 切换键背景按下2x.png in Resources */ = {isa = PBXBuildFile; fileRef = 84D3380D19938DE90035B08D /* 切换键背景按下2x.png */; };
		84D3384E19938DE90035B08D /* 空格按下_03_nologo.png in Resources */ = {isa = PBXBuildFile; fileRef = 84D3380E19938DE90035B08D /* 空格按下_03_nologo.png */; };
		84D3384F19938DE90035B08D /* 空格按下_03_nologo@2x.png in Resources */ = {isa = PBXBuildFile; fileRef = 84D3380F19938DE90035B08D /* 空格按下_03_nologo@2x.png */; };
/* End PBXBuildFile section */

/* Begin PBXContainerItemProxy section */
		84D337AC199384050035B08D /* PBXContainerItemProxy */ = {
			isa = PBXContainerItemProxy;
			containerPortal = 84D33791199384040035B08D /* Project object */;
			proxyType = 1;
			remoteGlobalIDString = 84D33798199384040035B08D;
			remoteInfo = "Keyboard-IOS8";
		};
/* End PBXContainerItemProxy section */

/* Begin PBXFileReference section */
		84D33799199384040035B08D /* Keyboard-IOS8.app */ = {isa = PBXFileReference; explicitFileType = wrapper.application; includeInIndex = 0; path = "Keyboard-IOS8.app"; sourceTree = BUILT_PRODUCTS_DIR; };
		84D3379D199384040035B08D /* Info.plist */ = {isa = PBXFileReference; lastKnownFileType = text.plist.xml; path = Info.plist; sourceTree = "<group>"; };
		84D3379E199384040035B08D /* AppDelegate.swift */ = {isa = PBXFileReference; lastKnownFileType = sourcecode.swift; path = AppDelegate.swift; sourceTree = "<group>"; };
		84D337A0199384040035B08D /* ViewController.swift */ = {isa = PBXFileReference; lastKnownFileType = sourcecode.swift; path = ViewController.swift; sourceTree = "<group>"; };
		84D337A3199384040035B08D /* Base */ = {isa = PBXFileReference; lastKnownFileType = file.storyboard; name = Base; path = Base.lproj/Main.storyboard; sourceTree = "<group>"; };
		84D337A5199384040035B08D /* Images.xcassets */ = {isa = PBXFileReference; lastKnownFileType = folder.assetcatalog; path = Images.xcassets; sourceTree = "<group>"; };
		84D337AB199384050035B08D /* Keyboard-IOS8Tests.xctest */ = {isa = PBXFileReference; explicitFileType = wrapper.cfbundle; includeInIndex = 0; path = "Keyboard-IOS8Tests.xctest"; sourceTree = BUILT_PRODUCTS_DIR; };
		84D337B0199384050035B08D /* Info.plist */ = {isa = PBXFileReference; lastKnownFileType = text.plist.xml; path = Info.plist; sourceTree = "<group>"; };
		84D337B1199384050035B08D /* Keyboard_IOS8Tests.swift */ = {isa = PBXFileReference; lastKnownFileType = sourcecode.swift; path = Keyboard_IOS8Tests.swift; sourceTree = "<group>"; };
		84D337C519938CDE0035B08D /* PassGuardCtrl.swift */ = {isa = PBXFileReference; fileEncoding = 4; lastKnownFileType = sourcecode.swift; path = PassGuardCtrl.swift; sourceTree = "<group>"; };
		84D337CC19938DE90035B08D /* iPadInputView.xib */ = {isa = PBXFileReference; fileEncoding = 4; lastKnownFileType = file.xib; path = iPadInputView.xib; sourceTree = "<group>"; };
		84D337CD19938DE90035B08D /* iPadNumberKeyboardView.xib */ = {isa = PBXFileReference; fileEncoding = 4; lastKnownFileType = file.xib; path = iPadNumberKeyboardView.xib; sourceTree = "<group>"; };
		84D337CE19938DE90035B08D /* iPadSpecialCharKeyboardView.xib */ = {isa = PBXFileReference; fileEncoding = 4; lastKnownFileType = file.xib; path = iPadSpecialCharKeyboardView.xib; sourceTree = "<group>"; };
		84D337CF19938DE90035B08D /* iPadStandardKeyboardView.xib */ = {isa = PBXFileReference; fileEncoding = 4; lastKnownFileType = file.xib; path = iPadStandardKeyboardView.xib; sourceTree = "<group>"; };
		84D337D119938DE90035B08D /* iPhoneInputView.xib */ = {isa = PBXFileReference; fileEncoding = 4; lastKnownFileType = file.xib; path = iPhoneInputView.xib; sourceTree = "<group>"; };
		84D337D219938DE90035B08D /* iPhoneNumberKeyboardView.xib */ = {isa = PBXFileReference; fileEncoding = 4; lastKnownFileType = file.xib; path = iPhoneNumberKeyboardView.xib; sourceTree = "<group>"; };
		84D337D319938DE90035B08D /* iPhonePureNumberKeyboardView.xib */ = {isa = PBXFileReference; fileEncoding = 4; lastKnownFileType = file.xib; path = iPhonePureNumberKeyboardView.xib; sourceTree = "<group>"; };
		84D337D419938DE90035B08D /* iPhoneSpecialCharKeyboardView.xib */ = {isa = PBXFileReference; fileEncoding = 4; lastKnownFileType = file.xib; path = iPhoneSpecialCharKeyboardView.xib; sourceTree = "<group>"; };
		84D337D519938DE90035B08D /* iPhoneStandardKeyboardView.xib */ = {isa = PBXFileReference; fileEncoding = 4; lastKnownFileType = file.xib; path = iPhoneStandardKeyboardView.xib; sourceTree = "<group>"; };
		84D337D819938DE90035B08D /* iPadCtrlBackground_down_Land.png */ = {isa = PBXFileReference; lastKnownFileType = image.png; path = iPadCtrlBackground_down_Land.png; sourceTree = "<group>"; };
		84D337D919938DE90035B08D /* iPadCtrlBackground_down_Land@2x.png */ = {isa = PBXFileReference; lastKnownFileType = image.png; path = "iPadCtrlBackground_down_Land@2x.png"; sourceTree = "<group>"; };
		84D337DA19938DE90035B08D /* iPadCtrlBackground_Land.png */ = {isa = PBXFileReference; lastKnownFileType = image.png; path = iPadCtrlBackground_Land.png; sourceTree = "<group>"; };
		84D337DB19938DE90035B08D /* iPadCtrlBackground_Land@2x.png */ = {isa = PBXFileReference; lastKnownFileType = image.png; path = "iPadCtrlBackground_Land@2x.png"; sourceTree = "<group>"; };
		84D337DC19938DE90035B08D /* iPadDoneLandscape.png */ = {isa = PBXFileReference; lastKnownFileType = image.png; path = iPadDoneLandscape.png; sourceTree = "<group>"; };
		84D337DD19938DE90035B08D /* iPadDoneLandscape@2x.png */ = {isa = PBXFileReference; lastKnownFileType = image.png; path = "iPadDoneLandscape@2x.png"; sourceTree = "<group>"; };
		84D337DE19938DE90035B08D /* iPadDoneLandscape_Land.png */ = {isa = PBXFileReference; lastKnownFileType = image.png; path = iPadDoneLandscape_Land.png; sourceTree = "<group>"; };
		84D337DF19938DE90035B08D /* iPadDoneLandscape_Land@2x.png */ = {isa = PBXFileReference; lastKnownFileType = image.png; path = "iPadDoneLandscape_Land@2x.png"; sourceTree = "<group>"; };
		84D337E019938DE90035B08D /* iPadKeyBackground_Land.png */ = {isa = PBXFileReference; lastKnownFileType = image.png; path = iPadKeyBackground_Land.png; sourceTree = "<group>"; };
		84D337E119938DE90035B08D /* iPadKeyBackground_Land@2x.png */ = {isa = PBXFileReference; lastKnownFileType = image.png; path = "iPadKeyBackground_Land@2x.png"; sourceTree = "<group>"; };
		84D337E219938DE90035B08D /* iPadKeyBackground_Land_down.png */ = {isa = PBXFileReference; lastKnownFileType = image.png; path = iPadKeyBackground_Land_down.png; sourceTree = "<group>"; };
		84D337E319938DE90035B08D /* iPadKeyBackground_Land_down@2x.png */ = {isa = PBXFileReference; lastKnownFileType = image.png; path = "iPadKeyBackground_Land_down@2x.png"; sourceTree = "<group>"; };
		84D337E419938DE90035B08D /* iPadKeyDeleteLandscape.png */ = {isa = PBXFileReference; lastKnownFileType = image.png; path = iPadKeyDeleteLandscape.png; sourceTree = "<group>"; };
		84D337E519938DE90035B08D /* iPadKeyDeleteLandscape@2x.png */ = {isa = PBXFileReference; lastKnownFileType = image.png; path = "iPadKeyDeleteLandscape@2x.png"; sourceTree = "<group>"; };
		84D337E619938DE90035B08D /* iPadKeyDeleteLandscape_down.png */ = {isa = PBXFileReference; lastKnownFileType = image.png; path = iPadKeyDeleteLandscape_down.png; sourceTree = "<group>"; };
		84D337E719938DE90035B08D /* iPadKeyDeleteLandscape_down@2x.png */ = {isa = PBXFileReference; lastKnownFileType = image.png; path = "iPadKeyDeleteLandscape_down@2x.png"; sourceTree = "<group>"; };
		84D337E819938DE90035B08D /* iPadKeyShiftLandscape.png */ = {isa = PBXFileReference; lastKnownFileType = image.png; path = iPadKeyShiftLandscape.png; sourceTree = "<group>"; };
		84D337E919938DE90035B08D /* iPadKeyShiftLandscape@2x.png */ = {isa = PBXFileReference; lastKnownFileType = image.png; path = "iPadKeyShiftLandscape@2x.png"; sourceTree = "<group>"; };
		84D337EA19938DE90035B08D /* iPadKeyShiftonceLandscape.png */ = {isa = PBXFileReference; lastKnownFileType = image.png; path = iPadKeyShiftonceLandscape.png; sourceTree = "<group>"; };
		84D337EB19938DE90035B08D /* iPadKeyShiftonceLandscape@2x.png */ = {isa = PBXFileReference; lastKnownFileType = image.png; path = "iPadKeyShiftonceLandscape@2x.png"; sourceTree = "<group>"; };
		84D337EC19938DE90035B08D /* iPadKeyShiftretainLandscape.png */ = {isa = PBXFileReference; lastKnownFileType = image.png; path = iPadKeyShiftretainLandscape.png; sourceTree = "<group>"; };
		84D337ED19938DE90035B08D /* iPadKeyShiftretainLandscape@2x.png */ = {isa = PBXFileReference; lastKnownFileType = image.png; path = "iPadKeyShiftretainLandscape@2x.png"; sourceTree = "<group>"; };
		84D337EE19938DE90035B08D /* iPadKeySpaceLandscape.png */ = {isa = PBXFileReference; lastKnownFileType = image.png; path = iPadKeySpaceLandscape.png; sourceTree = "<group>"; };
		84D337EF19938DE90035B08D /* iPadKeySpaceLandscape@2x.png */ = {isa = PBXFileReference; lastKnownFileType = image.png; path = "iPadKeySpaceLandscape@2x.png"; sourceTree = "<group>"; };
		84D337F019938DE90035B08D /* iPadKeySpaceLandscape_down.png */ = {isa = PBXFileReference; lastKnownFileType = image.png; path = iPadKeySpaceLandscape_down.png; sourceTree = "<group>"; };
		84D337F119938DE90035B08D /* iPadKeySpaceLandscape_down@2x.png */ = {isa = PBXFileReference; lastKnownFileType = image.png; path = "iPadKeySpaceLandscape_down@2x.png"; sourceTree = "<group>"; };
		84D337F219938DE90035B08D /* iPadZFBackground_Land.png */ = {isa = PBXFileReference; lastKnownFileType = image.png; path = iPadZFBackground_Land.png; sourceTree = "<group>"; };
		84D337F319938DE90035B08D /* iPadZFBackground_Land@2x.png */ = {isa = PBXFileReference; lastKnownFileType = image.png; path = "iPadZFBackground_Land@2x.png"; sourceTree = "<group>"; };
		84D337F419938DE90035B08D /* iPadZFBackground_Land_Down.png */ = {isa = PBXFileReference; lastKnownFileType = image.png; path = iPadZFBackground_Land_Down.png; sourceTree = "<group>"; };
		84D337F519938DE90035B08D /* iPadZFBackground_Land_Down@2x.png */ = {isa = PBXFileReference; lastKnownFileType = image.png; path = "iPadZFBackground_Land_Down@2x.png"; sourceTree = "<group>"; };
		84D337F719938DE90035B08D /* iPhoneCtrlBackground.png */ = {isa = PBXFileReference; lastKnownFileType = image.png; path = iPhoneCtrlBackground.png; sourceTree = "<group>"; };
		84D337F819938DE90035B08D /* iPhoneCtrlBackground@2x.png */ = {isa = PBXFileReference; lastKnownFileType = image.png; path = "iPhoneCtrlBackground@2x.png"; sourceTree = "<group>"; };
		84D337F919938DE90035B08D /* iPhoneDelete.png */ = {isa = PBXFileReference; lastKnownFileType = image.png; path = iPhoneDelete.png; sourceTree = "<group>"; };
		84D337FA19938DE90035B08D /* iPhoneDelete@2x.png */ = {isa = PBXFileReference; lastKnownFileType = image.png; path = "iPhoneDelete@2x.png"; sourceTree = "<group>"; };
		84D337FB19938DE90035B08D /* iPhoneDelete按下.png */ = {isa = PBXFileReference; lastKnownFileType = image.png; path = "iPhoneDelete按下.png"; sourceTree = "<group>"; };
		84D337FC19938DE90035B08D /* iPhoneDelete按下@2x.png */ = {isa = PBXFileReference; lastKnownFileType = image.png; path = "iPhoneDelete按下@2x.png"; sourceTree = "<group>"; };
		84D337FD19938DE90035B08D /* iPhoneDelete键按下的.png */ = {isa = PBXFileReference; lastKnownFileType = image.png; path = "iPhoneDelete键按下的.png"; sourceTree = "<group>"; };
		84D337FE19938DE90035B08D /* iPhoneDelete键按下的@2x.png */ = {isa = PBXFileReference; lastKnownFileType = image.png; path = "iPhoneDelete键按下的@2x.png"; sourceTree = "<group>"; };
		84D337FF19938DE90035B08D /* iPhoneDone.png */ = {isa = PBXFileReference; lastKnownFileType = image.png; path = iPhoneDone.png; sourceTree = "<group>"; };
		84D3380019938DE90035B08D /* iPhoneDone@2x.png */ = {isa = PBXFileReference; lastKnownFileType = image.png; path = "iPhoneDone@2x.png"; sourceTree = "<group>"; };
		84D3380119938DE90035B08D /* iPhoneKeyBackground.png */ = {isa = PBXFileReference; lastKnownFileType = image.png; path = iPhoneKeyBackground.png; sourceTree = "<group>"; };
		84D3380219938DE90035B08D /* iPhoneKeyBackground@2x.png */ = {isa = PBXFileReference; lastKnownFileType = image.png; path = "iPhoneKeyBackground@2x.png"; sourceTree = "<group>"; };
		84D3380319938DE90035B08D /* iPhoneShift.png */ = {isa = PBXFileReference; lastKnownFileType = image.png; path = iPhoneShift.png; sourceTree = "<group>"; };
		84D3380419938DE90035B08D /* iPhoneShift@2x.png */ = {isa = PBXFileReference; lastKnownFileType = image.png; path = "iPhoneShift@2x.png"; sourceTree = "<group>"; };
		84D3380519938DE90035B08D /* iPhoneShiftonce.png */ = {isa = PBXFileReference; lastKnownFileType = image.png; path = iPhoneShiftonce.png; sourceTree = "<group>"; };
		84D3380619938DE90035B08D /* iPhoneShiftonce@2x.png */ = {isa = PBXFileReference; lastKnownFileType = image.png; path = "iPhoneShiftonce@2x.png"; sourceTree = "<group>"; };
		84D3380719938DE90035B08D /* iPhoneShiftretain.png */ = {isa = PBXFileReference; lastKnownFileType = image.png; path = iPhoneShiftretain.png; sourceTree = "<group>"; };
		84D3380819938DE90035B08D /* iPhoneShiftretain@2x.png */ = {isa = PBXFileReference; lastKnownFileType = image.png; path = "iPhoneShiftretain@2x.png"; sourceTree = "<group>"; };
		84D3380919938DE90035B08D /* iPhoneSpace.png */ = {isa = PBXFileReference; lastKnownFileType = image.png; path = iPhoneSpace.png; sourceTree = "<group>"; };
		84D3380A19938DE90035B08D /* iPhoneSpace@2x.png */ = {isa = PBXFileReference; lastKnownFileType = image.png; path = "iPhoneSpace@2x.png"; sourceTree = "<group>"; };
		84D3380B19938DE90035B08D /* kb_bg.png */ = {isa = PBXFileReference; lastKnownFileType = image.png; path = kb_bg.png; sourceTree = "<group>"; };
		84D3380C19938DE90035B08D /* 切换键背景按下.png */ = {isa = PBXFileReference; lastKnownFileType = image.png; path = "切换键背景按下.png"; sourceTree = "<group>"; };
		84D3380D19938DE90035B08D /* 切换键背景按下2x.png */ = {isa = PBXFileReference; lastKnownFileType = image.png; path = "切换键背景按下2x.png"; sourceTree = "<group>"; };
		84D3380E19938DE90035B08D /* 空格按下_03_nologo.png */ = {isa = PBXFileReference; lastKnownFileType = image.png; path = "空格按下_03_nologo.png"; sourceTree = "<group>"; };
		84D3380F19938DE90035B08D /* 空格按下_03_nologo@2x.png */ = {isa = PBXFileReference; lastKnownFileType = image.png; path = "空格按下_03_nologo@2x.png"; sourceTree = "<group>"; };
/* End PBXFileReference section */

/* Begin PBXFrameworksBuildPhase section */
		84D33796199384040035B08D /* Frameworks */ = {
			isa = PBXFrameworksBuildPhase;
			buildActionMask = 2147483647;
			files = (
			);
			runOnlyForDeploymentPostprocessing = 0;
		};
		84D337A8199384050035B08D /* Frameworks */ = {
			isa = PBXFrameworksBuildPhase;
			buildActionMask = 2147483647;
			files = (
			);
			runOnlyForDeploymentPostprocessing = 0;
		};
/* End PBXFrameworksBuildPhase section */

/* Begin PBXGroup section */
		84D33790199384040035B08D = {
			isa = PBXGroup;
			children = (
				84D3379B199384040035B08D /* Keyboard-IOS8 */,
				84D337AE199384050035B08D /* Keyboard-IOS8Tests */,
				84D3379A199384040035B08D /* Products */,
			);
			sourceTree = "<group>";
		};
		84D3379A199384040035B08D /* Products */ = {
			isa = PBXGroup;
			children = (
				84D33799199384040035B08D /* Keyboard-IOS8.app */,
				84D337AB199384050035B08D /* Keyboard-IOS8Tests.xctest */,
			);
			name = Products;
			sourceTree = "<group>";
		};
		84D3379B199384040035B08D /* Keyboard-IOS8 */ = {
			isa = PBXGroup;
			children = (
				84D337BB1993874B0035B08D /* PassGuard */,
				84D3379E199384040035B08D /* AppDelegate.swift */,
				84D337A0199384040035B08D /* ViewController.swift */,
				84D337A2199384040035B08D /* Main.storyboard */,
				84D337A5199384040035B08D /* Images.xcassets */,
				84D3379C199384040035B08D /* Supporting Files */,
			);
			path = "Keyboard-IOS8";
			sourceTree = "<group>";
		};
		84D3379C199384040035B08D /* Supporting Files */ = {
			isa = PBXGroup;
			children = (
				84D3379D199384040035B08D /* Info.plist */,
			);
			name = "Supporting Files";
			sourceTree = "<group>";
		};
		84D337AE199384050035B08D /* Keyboard-IOS8Tests */ = {
			isa = PBXGroup;
			children = (
				84D337B1199384050035B08D /* Keyboard_IOS8Tests.swift */,
				84D337AF199384050035B08D /* Supporting Files */,
			);
			path = "Keyboard-IOS8Tests";
			sourceTree = "<group>";
		};
		84D337AF199384050035B08D /* Supporting Files */ = {
			isa = PBXGroup;
			children = (
				84D337B0199384050035B08D /* Info.plist */,
			);
			name = "Supporting Files";
			sourceTree = "<group>";
		};
		84D337BB1993874B0035B08D /* PassGuard */ = {
			isa = PBXGroup;
			children = (
				84D337CA19938DE90035B08D /* kb */,
				84D337D619938DE90035B08D /* keyspng */,
				84D337C519938CDE0035B08D /* PassGuardCtrl.swift */,
			);
			path = PassGuard;
			sourceTree = SOURCE_ROOT;
		};
		84D337CA19938DE90035B08D /* kb */ = {
			isa = PBXGroup;
			children = (
				84D337CB19938DE90035B08D /* ipad */,
				84D337D019938DE90035B08D /* iphone */,
			);
			path = kb;
			sourceTree = "<group>";
		};
		84D337CB19938DE90035B08D /* ipad */ = {
			isa = PBXGroup;
			children = (
				84D337CC19938DE90035B08D /* iPadInputView.xib */,
				84D337CD19938DE90035B08D /* iPadNumberKeyboardView.xib */,
				84D337CE19938DE90035B08D /* iPadSpecialCharKeyboardView.xib */,
				84D337CF19938DE90035B08D /* iPadStandardKeyboardView.xib */,
			);
			path = ipad;
			sourceTree = "<group>";
		};
		84D337D019938DE90035B08D /* iphone */ = {
			isa = PBXGroup;
			children = (
				84D337D119938DE90035B08D /* iPhoneInputView.xib */,
				84D337D219938DE90035B08D /* iPhoneNumberKeyboardView.xib */,
				84D337D319938DE90035B08D /* iPhonePureNumberKeyboardView.xib */,
				84D337D419938DE90035B08D /* iPhoneSpecialCharKeyboardView.xib */,
				84D337D519938DE90035B08D /* iPhoneStandardKeyboardView.xib */,
			);
			path = iphone;
			sourceTree = "<group>";
		};
		84D337D619938DE90035B08D /* keyspng */ = {
			isa = PBXGroup;
			children = (
				84D337D719938DE90035B08D /* ipad */,
				84D337F619938DE90035B08D /* iphone */,
			);
			path = keyspng;
			sourceTree = "<group>";
		};
		84D337D719938DE90035B08D /* ipad */ = {
			isa = PBXGroup;
			children = (
				84D337D819938DE90035B08D /* iPadCtrlBackground_down_Land.png */,
				84D337D919938DE90035B08D /* iPadCtrlBackground_down_Land@2x.png */,
				84D337DA19938DE90035B08D /* iPadCtrlBackground_Land.png */,
				84D337DB19938DE90035B08D /* iPadCtrlBackground_Land@2x.png */,
				84D337DC19938DE90035B08D /* iPadDoneLandscape.png */,
				84D337DD19938DE90035B08D /* iPadDoneLandscape@2x.png */,
				84D337DE19938DE90035B08D /* iPadDoneLandscape_Land.png */,
				84D337DF19938DE90035B08D /* iPadDoneLandscape_Land@2x.png */,
				84D337E019938DE90035B08D /* iPadKeyBackground_Land.png */,
				84D337E119938DE90035B08D /* iPadKeyBackground_Land@2x.png */,
				84D337E219938DE90035B08D /* iPadKeyBackground_Land_down.png */,
				84D337E319938DE90035B08D /* iPadKeyBackground_Land_down@2x.png */,
				84D337E419938DE90035B08D /* iPadKeyDeleteLandscape.png */,
				84D337E519938DE90035B08D /* iPadKeyDeleteLandscape@2x.png */,
				84D337E619938DE90035B08D /* iPadKeyDeleteLandscape_down.png */,
				84D337E719938DE90035B08D /* iPadKeyDeleteLandscape_down@2x.png */,
				84D337E819938DE90035B08D /* iPadKeyShiftLandscape.png */,
				84D337E919938DE90035B08D /* iPadKeyShiftLandscape@2x.png */,
				84D337EA19938DE90035B08D /* iPadKeyShiftonceLandscape.png */,
				84D337EB19938DE90035B08D /* iPadKeyShiftonceLandscape@2x.png */,
				84D337EC19938DE90035B08D /* iPadKeyShiftretainLandscape.png */,
				84D337ED19938DE90035B08D /* iPadKeyShiftretainLandscape@2x.png */,
				84D337EE19938DE90035B08D /* iPadKeySpaceLandscape.png */,
				84D337EF19938DE90035B08D /* iPadKeySpaceLandscape@2x.png */,
				84D337F019938DE90035B08D /* iPadKeySpaceLandscape_down.png */,
				84D337F119938DE90035B08D /* iPadKeySpaceLandscape_down@2x.png */,
				84D337F219938DE90035B08D /* iPadZFBackground_Land.png */,
				84D337F319938DE90035B08D /* iPadZFBackground_Land@2x.png */,
				84D337F419938DE90035B08D /* iPadZFBackground_Land_Down.png */,
				84D337F519938DE90035B08D /* iPadZFBackground_Land_Down@2x.png */,
			);
			path = ipad;
			sourceTree = "<group>";
		};
		84D337F619938DE90035B08D /* iphone */ = {
			isa = PBXGroup;
			children = (
				84D337F719938DE90035B08D /* iPhoneCtrlBackground.png */,
				84D337F819938DE90035B08D /* iPhoneCtrlBackground@2x.png */,
				84D337F919938DE90035B08D /* iPhoneDelete.png */,
				84D337FA19938DE90035B08D /* iPhoneDelete@2x.png */,
				84D337FB19938DE90035B08D /* iPhoneDelete按下.png */,
				84D337FC19938DE90035B08D /* iPhoneDelete按下@2x.png */,
				84D337FD19938DE90035B08D /* iPhoneDelete键按下的.png */,
				84D337FE19938DE90035B08D /* iPhoneDelete键按下的@2x.png */,
				84D337FF19938DE90035B08D /* iPhoneDone.png */,
				84D3380019938DE90035B08D /* iPhoneDone@2x.png */,
				84D3380119938DE90035B08D /* iPhoneKeyBackground.png */,
				84D3380219938DE90035B08D /* iPhoneKeyBackground@2x.png */,
				84D3380319938DE90035B08D /* iPhoneShift.png */,
				84D3380419938DE90035B08D /* iPhoneShift@2x.png */,
				84D3380519938DE90035B08D /* iPhoneShiftonce.png */,
				84D3380619938DE90035B08D /* iPhoneShiftonce@2x.png */,
				84D3380719938DE90035B08D /* iPhoneShiftretain.png */,
				84D3380819938DE90035B08D /* iPhoneShiftretain@2x.png */,
				84D3380919938DE90035B08D /* iPhoneSpace.png */,
				84D3380A19938DE90035B08D /* iPhoneSpace@2x.png */,
				84D3380B19938DE90035B08D /* kb_bg.png */,
				84D3380C19938DE90035B08D /* 切换键背景按下.png */,
				84D3380D19938DE90035B08D /* 切换键背景按下2x.png */,
				84D3380E19938DE90035B08D /* 空格按下_03_nologo.png */,
				84D3380F19938DE90035B08D /* 空格按下_03_nologo@2x.png */,
			);
			path = iphone;
			sourceTree = "<group>";
		};
/* End PBXGroup section */

/* Begin PBXNativeTarget section */
		84D33798199384040035B08D /* Keyboard-IOS8 */ = {
			isa = PBXNativeTarget;
			buildConfigurationList = 84D337B5199384050035B08D /* Build configuration list for PBXNativeTarget "Keyboard-IOS8" */;
			buildPhases = (
				84D33795199384040035B08D /* Sources */,
				84D33796199384040035B08D /* Frameworks */,
				84D33797199384040035B08D /* Resources */,
			);
			buildRules = (
			);
			dependencies = (
			);
			name = "Keyboard-IOS8";
			productName = "Keyboard-IOS8";
			productReference = 84D33799199384040035B08D /* Keyboard-IOS8.app */;
			productType = "com.apple.product-type.application";
		};
		84D337AA199384050035B08D /* Keyboard-IOS8Tests */ = {
			isa = PBXNativeTarget;
			buildConfigurationList = 84D337B8199384050035B08D /* Build configuration list for PBXNativeTarget "Keyboard-IOS8Tests" */;
			buildPhases = (
				84D337A7199384050035B08D /* Sources */,
				84D337A8199384050035B08D /* Frameworks */,
				84D337A9199384050035B08D /* Resources */,
			);
			buildRules = (
			);
			dependencies = (
				84D337AD199384050035B08D /* PBXTargetDependency */,
			);
			name = "Keyboard-IOS8Tests";
			productName = "Keyboard-IOS8Tests";
			productReference = 84D337AB199384050035B08D /* Keyboard-IOS8Tests.xctest */;
			productType = "com.apple.product-type.bundle.unit-test";
		};
/* End PBXNativeTarget section */

/* Begin PBXProject section */
		84D33791199384040035B08D /* Project object */ = {
			isa = PBXProject;
			attributes = {
				LastUpgradeCheck = 0600;
				ORGANIZATIONNAME = microdone;
				TargetAttributes = {
					84D33798199384040035B08D = {
						CreatedOnToolsVersion = 6.0;
					};
					84D337AA199384050035B08D = {
						CreatedOnToolsVersion = 6.0;
						TestTargetID = 84D33798199384040035B08D;
					};
				};
			};
			buildConfigurationList = 84D33794199384040035B08D /* Build configuration list for PBXProject "Keyboard-IOS8" */;
			compatibilityVersion = "Xcode 3.2";
			developmentRegion = English;
			hasScannedForEncodings = 0;
			knownRegions = (
				en,
				Base,
			);
			mainGroup = 84D33790199384040035B08D;
			productRefGroup = 84D3379A199384040035B08D /* Products */;
			projectDirPath = "";
			projectRoot = "";
			targets = (
				84D33798199384040035B08D /* Keyboard-IOS8 */,
				84D337AA199384050035B08D /* Keyboard-IOS8Tests */,
			);
		};
/* End PBXProject section */

/* Begin PBXResourcesBuildPhase section */
		84D33797199384040035B08D /* Resources */ = {
			isa = PBXResourcesBuildPhase;
			buildActionMask = 2147483647;
			files = (
				84D3381419938DE90035B08D /* iPhoneInputView.xib in Resources */,
				84D3383A19938DE90035B08D /* iPhoneDelete@2x.png in Resources */,
				84D337A4199384040035B08D /* Main.storyboard in Resources */,
				84D3384F19938DE90035B08D /* 空格按下_03_nologo@2x.png in Resources */,
				84D3382119938DE90035B08D /* iPadKeyBackground_Land.png in Resources */,
				84D3382819938DE90035B08D /* iPadKeyDeleteLandscape_down@2x.png in Resources */,
				84D3383319938DE90035B08D /* iPadZFBackground_Land.png in Resources */,
				84D3384E19938DE90035B08D /* 空格按下_03_nologo.png in Resources */,
				84D3381919938DE90035B08D /* iPadCtrlBackground_down_Land.png in Resources */,
				84D3382D19938DE90035B08D /* iPadKeyShiftretainLandscape.png in Resources */,
				84D3381819938DE90035B08D /* iPhoneStandardKeyboardView.xib in Resources */,
				84D3381F19938DE90035B08D /* iPadDoneLandscape_Land.png in Resources */,
				84D3384119938DE90035B08D /* iPhoneKeyBackground.png in Resources */,
				84D3381019938DE90035B08D /* iPadInputView.xib in Resources */,
				84D3382919938DE90035B08D /* iPadKeyShiftLandscape.png in Resources */,
				84D3382419938DE90035B08D /* iPadKeyBackground_Land_down@2x.png in Resources */,
				84D3384A19938DE90035B08D /* iPhoneSpace@2x.png in Resources */,
				84D3383519938DE90035B08D /* iPadZFBackground_Land_Down.png in Resources */,
				84D3384D19938DE90035B08D /* 切换键背景按下2x.png in Resources */,
				84D3384319938DE90035B08D /* iPhoneShift.png in Resources */,
				84D3382619938DE90035B08D /* iPadKeyDeleteLandscape@2x.png in Resources */,
				84D3381B19938DE90035B08D /* iPadCtrlBackground_Land.png in Resources */,
				84D3382E19938DE90035B08D /* iPadKeyShiftretainLandscape@2x.png in Resources */,
				84D3382319938DE90035B08D /* iPadKeyBackground_Land_down.png in Resources */,
				84D3382B19938DE90035B08D /* iPadKeyShiftonceLandscape.png in Resources */,
				84D3381319938DE90035B08D /* iPadStandardKeyboardView.xib in Resources */,
				84D3381D19938DE90035B08D /* iPadDoneLandscape.png in Resources */,
				84D3381719938DE90035B08D /* iPhoneSpecialCharKeyboardView.xib in Resources */,
				84D3384019938DE90035B08D /* iPhoneDone@2x.png in Resources */,
				84D3383819938DE90035B08D /* iPhoneCtrlBackground@2x.png in Resources */,
				84D3381619938DE90035B08D /* iPhonePureNumberKeyboardView.xib in Resources */,
				84D3381219938DE90035B08D /* iPadSpecialCharKeyboardView.xib in Resources */,
				84D3381C19938DE90035B08D /* iPadCtrlBackground_Land@2x.png in Resources */,
				84D3383619938DE90035B08D /* iPadZFBackground_Land_Down@2x.png in Resources */,
				84D3381A19938DE90035B08D /* iPadCtrlBackground_down_Land@2x.png in Resources */,
				84D3383219938DE90035B08D /* iPadKeySpaceLandscape_down@2x.png in Resources */,
				84D3384B19938DE90035B08D /* kb_bg.png in Resources */,
				84D3382019938DE90035B08D /* iPadDoneLandscape_Land@2x.png in Resources */,
				84D3382C19938DE90035B08D /* iPadKeyShiftonceLandscape@2x.png in Resources */,
				84D3383E19938DE90035B08D /* iPhoneDelete键按下的@2x.png in Resources */,
				84D3383F19938DE90035B08D /* iPhoneDone.png in Resources */,
				84D3384519938DE90035B08D /* iPhoneShiftonce.png in Resources */,
				84D3383719938DE90035B08D /* iPhoneCtrlBackground.png in Resources */,
				84D3382519938DE90035B08D /* iPadKeyDeleteLandscape.png in Resources */,
				84D3383C19938DE90035B08D /* iPhoneDelete按下@2x.png in Resources */,
				84D3384619938DE90035B08D /* iPhoneShiftonce@2x.png in Resources */,
				84D3382F19938DE90035B08D /* iPadKeySpaceLandscape.png in Resources */,
				84D3383D19938DE90035B08D /* iPhoneDelete键按下的.png in Resources */,
				84D3383919938DE90035B08D /* iPhoneDelete.png in Resources */,
				84D3384719938DE90035B08D /* iPhoneShiftretain.png in Resources */,
				84D3383019938DE90035B08D /* iPadKeySpaceLandscape@2x.png in Resources */,
				84D3384219938DE90035B08D /* iPhoneKeyBackground@2x.png in Resources */,
				84D3382A19938DE90035B08D /* iPadKeyShiftLandscape@2x.png in Resources */,
				84D3382719938DE90035B08D /* iPadKeyDeleteLandscape_down.png in Resources */,
				84D3384419938DE90035B08D /* iPhoneShift@2x.png in Resources */,
				84D3382219938DE90035B08D /* iPadKeyBackground_Land@2x.png in Resources */,
				84D3383B19938DE90035B08D /* iPhoneDelete按下.png in Resources */,
				84D3381519938DE90035B08D /* iPhoneNumberKeyboardView.xib in Resources */,
				84D3381119938DE90035B08D /* iPadNumberKeyboardView.xib in Resources */,
				84D337A6199384040035B08D /* Images.xcassets in Resources */,
				84D3383419938DE90035B08D /* iPadZFBackground_Land@2x.png in Resources */,
				84D3384819938DE90035B08D /* iPhoneShiftretain@2x.png in Resources */,
				84D3384919938DE90035B08D /* iPhoneSpace.png in Resources */,
				84D3384C19938DE90035B08D /* 切换键背景按下.png in Resources */,
				84D3383119938DE90035B08D /* iPadKeySpaceLandscape_down.png in Resources */,
				84D3381E19938DE90035B08D /* iPadDoneLandscape@2x.png in Resources */,
			);
			runOnlyForDeploymentPostprocessing = 0;
		};
		84D337A9199384050035B08D /* Resources */ = {
			isa = PBXResourcesBuildPhase;
			buildActionMask = 2147483647;
			files = (
			);
			runOnlyForDeploymentPostprocessing = 0;
		};
/* End PBXResourcesBuildPhase section */

/* Begin PBXSourcesBuildPhase section */
		84D33795199384040035B08D /* Sources */ = {
			isa = PBXSourcesBuildPhase;
			buildActionMask = 2147483647;
			files = (
				84D337A1199384040035B08D /* ViewController.swift in Sources */,
				84D337C619938CDE0035B08D /* PassGuardCtrl.swift in Sources */,
				84D3379F199384040035B08D /* AppDelegate.swift in Sources */,
			);
			runOnlyForDeploymentPostprocessing = 0;
		};
		84D337A7199384050035B08D /* Sources */ = {
			isa = PBXSourcesBuildPhase;
			buildActionMask = 2147483647;
			files = (
				84D337B2199384050035B08D /* Keyboard_IOS8Tests.swift in Sources */,
			);
			runOnlyForDeploymentPostprocessing = 0;
		};
/* End PBXSourcesBuildPhase section */

/* Begin PBXTargetDependency section */
		84D337AD199384050035B08D /* PBXTargetDependency */ = {
			isa = PBXTargetDependency;
			target = 84D33798199384040035B08D /* Keyboard-IOS8 */;
			targetProxy = 84D337AC199384050035B08D /* PBXContainerItemProxy */;
		};
/* End PBXTargetDependency section */

/* Begin PBXVariantGroup section */
		84D337A2199384040035B08D /* Main.storyboard */ = {
			isa = PBXVariantGroup;
			children = (
				84D337A3199384040035B08D /* Base */,
			);
			name = Main.storyboard;
			sourceTree = "<group>";
		};
/* End PBXVariantGroup section */

/* Begin XCBuildConfiguration section */
		84D337B3199384050035B08D /* Debug */ = {
			isa = XCBuildConfiguration;
			buildSettings = {
				ALWAYS_SEARCH_USER_PATHS = NO;
				CLANG_CXX_LANGUAGE_STANDARD = "gnu++0x";
				CLANG_CXX_LIBRARY = "libc++";
				CLANG_ENABLE_MODULES = YES;
				CLANG_ENABLE_OBJC_ARC = YES;
				CLANG_WARN_BOOL_CONVERSION = YES;
				CLANG_WARN_CONSTANT_CONVERSION = YES;
				CLANG_WARN_DIRECT_OBJC_ISA_USAGE = YES_ERROR;
				CLANG_WARN_EMPTY_BODY = YES;
				CLANG_WARN_ENUM_CONVERSION = YES;
				CLANG_WARN_INT_CONVERSION = YES;
				CLANG_WARN_OBJC_ROOT_CLASS = YES_ERROR;
				CLANG_WARN_UNREACHABLE_CODE = YES;
				CLANG_WARN__DUPLICATE_METHOD_MATCH = YES;
				"CODE_SIGN_IDENTITY[sdk=iphoneos*]" = "iPhone Developer";
				COPY_PHASE_STRIP = NO;
				ENABLE_STRICT_OBJC_MSGSEND = YES;
				GCC_C_LANGUAGE_STANDARD = gnu99;
				GCC_DYNAMIC_NO_PIC = NO;
				GCC_OPTIMIZATION_LEVEL = 0;
				GCC_PREPROCESSOR_DEFINITIONS = (
					"DEBUG=1",
					"$(inherited)",
				);
				GCC_SYMBOLS_PRIVATE_EXTERN = NO;
				GCC_WARN_64_TO_32_BIT_CONVERSION = YES;
				GCC_WARN_ABOUT_RETURN_TYPE = YES_ERROR;
				GCC_WARN_UNDECLARED_SELECTOR = YES;
				GCC_WARN_UNINITIALIZED_AUTOS = YES_AGGRESSIVE;
				GCC_WARN_UNUSED_FUNCTION = YES;
				GCC_WARN_UNUSED_VARIABLE = YES;
				IPHONEOS_DEPLOYMENT_TARGET = 8.0;
				MTL_ENABLE_DEBUG_INFO = YES;
				ONLY_ACTIVE_ARCH = YES;
				SDKROOT = iphoneos;
				SWIFT_OPTIMIZATION_LEVEL = "-Onone";
				TARGETED_DEVICE_FAMILY = "1,2";
			};
			name = Debug;
		};
		84D337B4199384050035B08D /* Release */ = {
			isa = XCBuildConfiguration;
			buildSettings = {
				ALWAYS_SEARCH_USER_PATHS = NO;
				CLANG_CXX_LANGUAGE_STANDARD = "gnu++0x";
				CLANG_CXX_LIBRARY = "libc++";
				CLANG_ENABLE_MODULES = YES;
				CLANG_ENABLE_OBJC_ARC = YES;
				CLANG_WARN_BOOL_CONVERSION = YES;
				CLANG_WARN_CONSTANT_CONVERSION = YES;
				CLANG_WARN_DIRECT_OBJC_ISA_USAGE = YES_ERROR;
				CLANG_WARN_EMPTY_BODY = YES;
				CLANG_WARN_ENUM_CONVERSION = YES;
				CLANG_WARN_INT_CONVERSION = YES;
				CLANG_WARN_OBJC_ROOT_CLASS = YES_ERROR;
				CLANG_WARN_UNREACHABLE_CODE = YES;
				CLANG_WARN__DUPLICATE_METHOD_MATCH = YES;
				"CODE_SIGN_IDENTITY[sdk=iphoneos*]" = "iPhone Developer";
				COPY_PHASE_STRIP = YES;
				ENABLE_NS_ASSERTIONS = NO;
				ENABLE_STRICT_OBJC_MSGSEND = YES;
				GCC_C_LANGUAGE_STANDARD = gnu99;
				GCC_WARN_64_TO_32_BIT_CONVERSION = YES;
				GCC_WARN_ABOUT_RETURN_TYPE = YES_ERROR;
				GCC_WARN_UNDECLARED_SELECTOR = YES;
				GCC_WARN_UNINITIALIZED_AUTOS = YES_AGGRESSIVE;
				GCC_WARN_UNUSED_FUNCTION = YES;
				GCC_WARN_UNUSED_VARIABLE = YES;
				IPHONEOS_DEPLOYMENT_TARGET = 8.0;
				MTL_ENABLE_DEBUG_INFO = NO;
				SDKROOT = iphoneos;
				TARGETED_DEVICE_FAMILY = "1,2";
				VALIDATE_PRODUCT = YES;
			};
			name = Release;
		};
		84D337B6199384050035B08D /* Debug */ = {
			isa = XCBuildConfiguration;
			buildSettings = {
				ASSETCATALOG_COMPILER_APPICON_NAME = AppIcon;
				ASSETCATALOG_COMPILER_LAUNCHIMAGE_NAME = LaunchImage;
				INFOPLIST_FILE = "Keyboard-IOS8/Info.plist";
				LD_RUNPATH_SEARCH_PATHS = "$(inherited) @executable_path/Frameworks";
				PRODUCT_NAME = "$(TARGET_NAME)";
			};
			name = Debug;
		};
		84D337B7199384050035B08D /* Release */ = {
			isa = XCBuildConfiguration;
			buildSettings = {
				ASSETCATALOG_COMPILER_APPICON_NAME = AppIcon;
				ASSETCATALOG_COMPILER_LAUNCHIMAGE_NAME = LaunchImage;
				INFOPLIST_FILE = "Keyboard-IOS8/Info.plist";
				LD_RUNPATH_SEARCH_PATHS = "$(inherited) @executable_path/Frameworks";
				PRODUCT_NAME = "$(TARGET_NAME)";
			};
			name = Release;
		};
		84D337B9199384050035B08D /* Debug */ = {
			isa = XCBuildConfiguration;
			buildSettings = {
				BUNDLE_LOADER = "$(TEST_HOST)";
				FRAMEWORK_SEARCH_PATHS = (
					"$(SDKROOT)/Developer/Library/Frameworks",
					"$(inherited)",
				);
				GCC_PREPROCESSOR_DEFINITIONS = (
					"DEBUG=1",
					"$(inherited)",
				);
				INFOPLIST_FILE = "Keyboard-IOS8Tests/Info.plist";
				LD_RUNPATH_SEARCH_PATHS = "$(inherited) @executable_path/Frameworks @loader_path/Frameworks";
				PRODUCT_NAME = "$(TARGET_NAME)";
				TEST_HOST = "$(BUILT_PRODUCTS_DIR)/Keyboard-IOS8.app/Keyboard-IOS8";
			};
			name = Debug;
		};
		84D337BA199384050035B08D /* Release */ = {
			isa = XCBuildConfiguration;
			buildSettings = {
				BUNDLE_LOADER = "$(TEST_HOST)";
				FRAMEWORK_SEARCH_PATHS = (
					"$(SDKROOT)/Developer/Library/Frameworks",
					"$(inherited)",
				);
				INFOPLIST_FILE = "Keyboard-IOS8Tests/Info.plist";
				LD_RUNPATH_SEARCH_PATHS = "$(inherited) @executable_path/Frameworks @loader_path/Frameworks";
				PRODUCT_NAME = "$(TARGET_NAME)";
				TEST_HOST = "$(BUILT_PRODUCTS_DIR)/Keyboard-IOS8.app/Keyboard-IOS8";
			};
			name = Release;
		};
/* End XCBuildConfiguration section */

/* Begin XCConfigurationList section */
		84D33794199384040035B08D /* Build configuration list for PBXProject "Keyboard-IOS8" */ = {
			isa = XCConfigurationList;
			buildConfigurations = (
				84D337B3199384050035B08D /* Debug */,
				84D337B4199384050035B08D /* Release */,
			);
			defaultConfigurationIsVisible = 0;
			defaultConfigurationName = Release;
		};
		84D337B5199384050035B08D /* Build configuration list for PBXNativeTarget "Keyboard-IOS8" */ = {
			isa = XCConfigurationList;
			buildConfigurations = (
				84D337B6199384050035B08D /* Debug */,
				84D337B7199384050035B08D /* Release */,
			);
			defaultConfigurationIsVisible = 0;
			defaultConfigurationName = Release;
		};
		84D337B8199384050035B08D /* Build configuration list for PBXNativeTarget "Keyboard-IOS8Tests" */ = {
			isa = XCConfigurationList;
			buildConfigurations = (
				84D337B9199384050035B08D /* Debug */,
				84D337BA199384050035B08D /* Release */,
			);
			defaultConfigurationIsVisible = 0;
			defaultConfigurationName = Release;
		};
/* End XCConfigurationList section */
	};
	rootObject = 84D33791199384040035B08D /* Project object */;
}
